version = 1
revision = 2
requires-python = ">=3.10"

[[package]]
name = "pygame"
version = "2.5.2"
source = { registry = "https://pypi.org/simple" }
sdist = { url = "https://files.pythonhosted.org/packages/c6/aa/2c0c867d6cff00966cfc2152b25f61599f87e88b239e4dcb8ad5357f0f69/pygame-2.5.2.tar.gz", hash = "sha256:c1b89eb5d539e7ac5cf75513125fb5f2f0a2d918b1fd6e981f23bf0ac1b1c24a", size = 15788328, upload_time = "2023-09-17T22:27:49.577Z" }
wheels = [
    { url = "https://files.pythonhosted.org/packages/14/54/dc58f8b70e08b6706b158f0c70f86eb1594db6797cb89383f062ad6a304d/pygame-2.5.2-cp310-cp310-macosx_10_9_x86_64.whl", hash = "sha256:a0769eb628c818761755eb0a0ca8216b95270ea8cbcbc82227e39ac9644643da", size = 12943303, upload_time = "2023-09-17T22:49:35.722Z" },
    { url = "https://files.pythonhosted.org/packages/65/b6/67e33add85b0f7ac901c6fb89a57f97fdfd67c8834f425a97abaf4a60191/pygame-2.5.2-cp310-cp310-macosx_11_0_arm64.whl", hash = "sha256:ed9a3d98adafa0805ccbaaff5d2996a2b5795381285d8437a4a5d248dbd12b4a", size = 12244634, upload_time = "2023-09-17T22:49:41.652Z" },
    { url = "https://files.pythonhosted.org/packages/5b/91/09f93d428b483c451eacee9ba1e04a1e9999751c80bf6236b2bdc8e19b1e/pygame-2.5.2-cp310-cp310-manylinux_2_17_aarch64.manylinux2014_aarch64.whl", hash = "sha256:f30d1618672a55e8c6669281ba264464b3ab563158e40d89e8c8b3faa0febebd", size = 13605561, upload_time = "2023-09-17T22:24:18.211Z" },
    { url = "https://files.pythonhosted.org/packages/e8/6e/31d7a068edbb029e5a35d8fe4572b67e00705cb8f6dad650397bc417b6b3/pygame-2.5.2-cp310-cp310-manylinux_2_17_i686.manylinux2014_i686.whl", hash = "sha256:39690e9be9baf58b7359d1f3b2336e1fd6f92fedbbce42987be5df27f8d30718", size = 14289041, upload_time = "2023-09-17T22:47:31.23Z" },
    { url = "https://files.pythonhosted.org/packages/c8/c7/0d77e0e327bf09c12f445f92f5bad0b447375d7b836c5bac5255ead8436f/pygame-2.5.2-cp310-cp310-manylinux_2_17_x86_64.manylinux2014_x86_64.whl", hash = "sha256:03879ec299c9f4ba23901b2649a96b2143f0a5d787f0b6c39469989e2320caf1", size = 13962116, upload_time = "2023-09-17T22:47:33.933Z" },
    { url = "https://files.pythonhosted.org/packages/a6/96/0e5150bd79261721a85aab56614a3bddce404c3f19c3b4e17e912dbfb20b/pygame-2.5.2-cp310-cp310-win32.whl", hash = "sha256:74e1d6284100e294f445832e6f6343be4fe4748decc4f8a51131ae197dae8584", size = 10383363, upload_time = "2023-09-17T22:36:11.292Z" },
    { url = "https://files.pythonhosted.org/packages/54/77/235d51462fae6acb3464e86ccc254f860e03567876afb43705b4b2ce1819/pygame-2.5.2-cp310-cp310-win_amd64.whl", hash = "sha256:485239c7d32265fd35b76ae8f64f34b0637ae11e69d76de15710c4b9edcc7c8d", size = 10750663, upload_time = "2023-09-17T23:00:13.905Z" },
    { url = "https://files.pythonhosted.org/packages/c8/db/db5a6567791d26d610b2c25cbf74be527857b6dff68e566d57bd7954ece6/pygame-2.5.2-cp311-cp311-macosx_10_9_x86_64.whl", hash = "sha256:34646ca20e163dc6f6cf8170f1e12a2e41726780112594ac061fa448cf7ccd75", size = 12947964, upload_time = "2023-09-17T22:49:47.863Z" },
    { url = "https://files.pythonhosted.org/packages/4d/84/5a03c47c76020c4f46354cf8c3f2d7926592c1ff9370f0ad91a3bb577b54/pygame-2.5.2-cp311-cp311-macosx_11_0_arm64.whl", hash = "sha256:3b8a6e351665ed26ea791f0e1fd649d3f483e8681892caef9d471f488f9ea5ee", size = 12247139, upload_time = "2023-09-17T22:49:54.049Z" },
    { url = "https://files.pythonhosted.org/packages/25/75/0d2feb98a8978305efc58c6c93de9637d3f689b74fc5da6f673314005fe2/pygame-2.5.2-cp311-cp311-manylinux_2_17_aarch64.manylinux2014_aarch64.whl", hash = "sha256:dc346965847aef00013fa2364f41a64f068cd096dcc7778fc306ca3735f0eedf", size = 13609429, upload_time = "2023-09-17T22:24:22.35Z" },
    { url = "https://files.pythonhosted.org/packages/1b/f9/47f69b4453297fa1dc3d6019f81b7861656a445c1d7f0121de8fee71fee1/pygame-2.5.2-cp311-cp311-manylinux_2_17_i686.manylinux2014_i686.whl", hash = "sha256:35632035fd81261f2d797fa810ea8c46111bd78ceb6089d52b61ed7dc3c5d05f", size = 14288567, upload_time = "2023-09-17T22:47:36.568Z" },
    { url = "https://files.pythonhosted.org/packages/5f/0d/64b84142b477c0d7041bd93a91d4dc6d7901dad4f58323f69779c86757f5/pygame-2.5.2-cp311-cp311-manylinux_2_17_x86_64.manylinux2014_x86_64.whl", hash = "sha256:0e24d05184e4195fe5ebcdce8b18ecb086f00182b9ae460a86682d312ce8d31f", size = 13967088, upload_time = "2023-09-17T22:47:38.922Z" },
    { url = "https://files.pythonhosted.org/packages/98/ac/d5f02e0f48ec5aad345804a7b601a7ce01f571cd62df36f9ce7b9b73135f/pygame-2.5.2-cp311-cp311-win32.whl", hash = "sha256:f02c1c7505af18d426d355ac9872bd5c916b27f7b0fe224749930662bea47a50", size = 10385821, upload_time = "2023-09-17T22:40:24.283Z" },
    { url = "https://files.pythonhosted.org/packages/82/61/93ae7afbd931a70510cfdf0a7bb0007540020b8d80bc1d8762ebdc46479b/pygame-2.5.2-cp311-cp311-win_amd64.whl", hash = "sha256:6d58c8cf937815d3b7cdc0fa9590c5129cb2c9658b72d00e8a4568dea2ff1d42", size = 10756447, upload_time = "2023-09-17T23:04:19.324Z" },
    { url = "https://files.pythonhosted.org/packages/48/05/5fc3ee405cee85308f1dd5c0fb7bd0835256969a22b18a55698ffaf498ac/pygame-2.5.2-cp312-cp312-macosx_10_9_x86_64.whl", hash = "sha256:1a2a43802bb5e89ce2b3b775744e78db4f9a201bf8d059b946c61722840ceea8", size = 12952573, upload_time = "2023-09-24T12:15:40.331Z" },
    { url = "https://files.pythonhosted.org/packages/4c/0b/90b489ae7fc363020d6d18d3e4522b6021f4e0e84fbdd28c1d468c8a8e31/pygame-2.5.2-cp312-cp312-macosx_11_0_arm64.whl", hash = "sha256:1c289f2613c44fe70a1e40769de4a49c5ab5a29b9376f1692bb1a15c9c1c9bfa", size = 12252604, upload_time = "2023-09-24T12:15:47.357Z" },
    { url = "https://files.pythonhosted.org/packages/91/e4/8b7ca2466d1d7e5fb0d22a7e83323dea207d6370abaf0610f7e08faf6b9e/pygame-2.5.2-cp312-cp312-manylinux_2_17_aarch64.manylinux2014_aarch64.whl", hash = "sha256:074aa6c6e110c925f7f27f00c7733c6303407edc61d738882985091d1eb2ef17", size = 13584854, upload_time = "2023-09-17T22:24:26.289Z" },
    { url = "https://files.pythonhosted.org/packages/04/80/10b7b08acade34e70a1f4de76413ae206ebbdba0bb4cbb0bae7031d763f9/pygame-2.5.2-cp312-cp312-manylinux_2_17_i686.manylinux2014_i686.whl", hash = "sha256:fe0228501ec616779a0b9c4299e837877783e18df294dd690b9ab0eed3d8aaab", size = 14268897, upload_time = "2023-09-17T22:47:41.767Z" },
    { url = "https://files.pythonhosted.org/packages/c2/c9/a41e2dc929529c36d1d1a6cf989f7d69225584d8e1b1e85c70d4b4bcb230/pygame-2.5.2-cp312-cp312-manylinux_2_17_x86_64.manylinux2014_x86_64.whl", hash = "sha256:31648d38ecdc2335ffc0e38fb18a84b3339730521505dac68514f83a1092e3f4", size = 13942610, upload_time = "2023-09-17T22:47:44.897Z" },
    { url = "https://files.pythonhosted.org/packages/05/28/5ca545423d6bb55f7ba9d09904c963ced15178f072551629a46b5499d105/pygame-2.5.2-cp312-cp312-win32.whl", hash = "sha256:224c308856334bc792f696e9278e50d099a87c116f7fc314cd6aa3ff99d21592", size = 10387283, upload_time = "2023-09-17T22:13:40.114Z" },
    { url = "https://files.pythonhosted.org/packages/66/57/1311ff5bbd64093795f64c66910bbc12b7c5d83ca95766cce7ba501ff7e7/pygame-2.5.2-cp312-cp312-win_amd64.whl", hash = "sha256:dd2d2650faf54f9a0f5bd0db8409f79609319725f8f08af6507a0609deadcad4", size = 10758801, upload_time = "2023-09-17T22:44:28.205Z" },
]

[[package]]
name = "tower-defense"
version = "0.1.0"
source = { editable = "." }
dependencies = [
    { name = "pygame" },
]

[package.metadata]
requires-dist = [{ name = "pygame", specifier = "==2.5.2" }]
